
Microsoft Visual Studio Solution File, Format Version 12.00
# Visual Studio Version 17
VisualStudioVersion = 17.6.33815.320
MinimumVisualStudioVersion = 10.0.40219.1
Project("{FAE04EC0-301F-11D3-BF4B-00C04F79EFBC}") = "Student_Interests_Sys_Project", "Student_Interests_Sys_Project\Student_Interests_Sys_Project.csproj", "{F84269EF-69C0-4B19-8B0F-E31D6B8649B6}"
EndProject
Global
	GlobalSection(SolutionConfigurationPlatforms) = preSolution
		Debug|Any CPU = Debug|Any CPU
		Release|Any CPU = Release|Any CPU
	EndGlobalSection
	GlobalSection(ProjectConfigurationPlatforms) = postSolution
		{F84269EF-69C0-4B19-8B0F-E31D6B8649B6}.Debug|Any CPU.ActiveCfg = Debug|Any CPU
		{F84269EF-69C0-4B19-8B0F-E31D6B8649B6}.Debug|Any CPU.Build.0 = Debug|Any CPU
		{F84269EF-69C0-4B19-8B0F-E31D6B8649B6}.Release|Any CPU.ActiveCfg = Release|Any CPU
		{F84269EF-69C0-4B19-8B0F-E31D6B8649B6}.Release|Any CPU.Build.0 = Release|Any CPU
	EndGlobalSection
	GlobalSection(SolutionProperties) = preSolution
		HideSolutionNode = FALSE
	EndGlobalSection
	GlobalSection(ExtensibilityGlobals) = postSolution
		SolutionGuid = {79BF33DC-0594-4CBF-8EC6-036A4A5B69E8}
	EndGlobalSection
EndGlobal
